
Microsoft Visual Studio Solution File, Format Version 12.00
Project("{FAE04EC0-301F-11D3-BF4B-00C04F79EFBC}") = "NielTransport.DocCoordinator.Infrastructure", "NielTransport.DocCoordinator.Infrastructure\NielTransport.DocCoordinator.Infrastructure.csproj", "{12A5B171-16E4-4937-B30A-EFEDCD8B048B}"
EndProject
Project("{FAE04EC0-301F-11D3-BF4B-00C04F79EFBC}") = "NielTransport.DocCoordinator.Core", "NielTransport.DocCoordinator.Core\NielTransport.DocCoordinator.Core.csproj", "{F9F403FB-7763-4D50-BAC3-DB52E4084F68}"
EndProject
Project("{FAE04EC0-301F-11D3-BF4B-00C04F79EFBC}") = "NielTransport.DocCoordinator.WpfApp", "NielTransport.DocCoordinator.WpfApp\NielTransport.DocCoordinator.WpfApp.csproj", "{C7F7CEB9-156E-4857-AA1F-05B07AEF705C}"
EndProject
Project("{FAE04EC0-301F-11D3-BF4B-00C04F79EFBC}") = "NielTransport.DocCoordinator.UnitTests", "NielTransport.DocCoordinator.UnitTests\NielTransport.DocCoordinator.UnitTests.csproj", "{C5CE559B-55D8-4899-AB4D-15063ABAFDEF}"
EndProject
Project("{2150E333-8FDC-42A3-9474-1A3956D46DE8}") = "src", "src", "{4758B79E-119B-4FBD-9274-02BEBEDDA63A}"
EndProject
Project("{2150E333-8FDC-42A3-9474-1A3956D46DE8}") = "tests", "tests", "{217FEEA9-519E-4341-AAA6-A4AD66F69BF8}"
EndProject
Global
	GlobalSection(SolutionConfigurationPlatforms) = preSolution
		Debug|Any CPU = Debug|Any CPU
		Release|Any CPU = Release|Any CPU
	EndGlobalSection
	GlobalSection(ProjectConfigurationPlatforms) = postSolution
		{12A5B171-16E4-4937-B30A-EFEDCD8B048B}.Debug|Any CPU.ActiveCfg = Debug|Any CPU
		{12A5B171-16E4-4937-B30A-EFEDCD8B048B}.Debug|Any CPU.Build.0 = Debug|Any CPU
		{12A5B171-16E4-4937-B30A-EFEDCD8B048B}.Release|Any CPU.ActiveCfg = Release|Any CPU
		{12A5B171-16E4-4937-B30A-EFEDCD8B048B}.Release|Any CPU.Build.0 = Release|Any CPU
		{F9F403FB-7763-4D50-BAC3-DB52E4084F68}.Debug|Any CPU.ActiveCfg = Debug|Any CPU
		{F9F403FB-7763-4D50-BAC3-DB52E4084F68}.Debug|Any CPU.Build.0 = Debug|Any CPU
		{F9F403FB-7763-4D50-BAC3-DB52E4084F68}.Release|Any CPU.ActiveCfg = Release|Any CPU
		{F9F403FB-7763-4D50-BAC3-DB52E4084F68}.Release|Any CPU.Build.0 = Release|Any CPU
		{C7F7CEB9-156E-4857-AA1F-05B07AEF705C}.Debug|Any CPU.ActiveCfg = Debug|Any CPU
		{C7F7CEB9-156E-4857-AA1F-05B07AEF705C}.Debug|Any CPU.Build.0 = Debug|Any CPU
		{C7F7CEB9-156E-4857-AA1F-05B07AEF705C}.Release|Any CPU.ActiveCfg = Release|Any CPU
		{C7F7CEB9-156E-4857-AA1F-05B07AEF705C}.Release|Any CPU.Build.0 = Release|Any CPU
		{C5CE559B-55D8-4899-AB4D-15063ABAFDEF}.Debug|Any CPU.ActiveCfg = Debug|Any CPU
		{C5CE559B-55D8-4899-AB4D-15063ABAFDEF}.Debug|Any CPU.Build.0 = Debug|Any CPU
		{C5CE559B-55D8-4899-AB4D-15063ABAFDEF}.Release|Any CPU.ActiveCfg = Release|Any CPU
		{C5CE559B-55D8-4899-AB4D-15063ABAFDEF}.Release|Any CPU.Build.0 = Release|Any CPU
	EndGlobalSection
	GlobalSection(NestedProjects) = preSolution
		{F9F403FB-7763-4D50-BAC3-DB52E4084F68} = {4758B79E-119B-4FBD-9274-02BEBEDDA63A}
		{12A5B171-16E4-4937-B30A-EFEDCD8B048B} = {4758B79E-119B-4FBD-9274-02BEBEDDA63A}
		{C7F7CEB9-156E-4857-AA1F-05B07AEF705C} = {4758B79E-119B-4FBD-9274-02BEBEDDA63A}
		{C5CE559B-55D8-4899-AB4D-15063ABAFDEF} = {217FEEA9-519E-4341-AAA6-A4AD66F69BF8}
	EndGlobalSection
EndGlobal
